
Microsoft Visual Studio Solution File, Format Version 12.00
# Visual Studio Version 16
VisualStudioVersion = 16.0.29001.49
MinimumVisualStudioVersion = 10.0.40219.1
Project("{FAE04EC0-301F-11D3-BF4B-00C04F79EFBC}") = "TextFreely.Android", "TextFreely\TextFreely.Android\TextFreely.Android.csproj", "{4D0466D2-427C-4A33-9EF1-493C542465AB}"
EndProject
Project("{FAE04EC0-301F-11D3-BF4B-00C04F79EFBC}") = "TextFreely.iOS", "TextFreely\TextFreely.iOS\TextFreely.iOS.csproj", "{6FA536E4-270A-4782-BEF8-BDBBFBACEC03}"
EndProject
Project("{FAE04EC0-301F-11D3-BF4B-00C04F79EFBC}") = "TextFreely", "TextFreely\TextFreely\TextFreely.csproj", "{B9334B9B-6899-484B-8270-55D434589251}"
EndProject
Global
	GlobalSection(SolutionConfigurationPlatforms) = preSolution
		Debug|Any CPU = Debug|Any CPU
		Debug|iPhone = Debug|iPhone
		Debug|iPhoneSimulator = Debug|iPhoneSimulator
		Release|Any CPU = Release|Any CPU
		Release|iPhone = Release|iPhone
		Release|iPhoneSimulator = Release|iPhoneSimulator
	EndGlobalSection
	GlobalSection(ProjectConfigurationPlatforms) = postSolution
		{4D0466D2-427C-4A33-9EF1-493C542465AB}.Debug|Any CPU.ActiveCfg = Debug|Any CPU
		{4D0466D2-427C-4A33-9EF1-493C542465AB}.Debug|Any CPU.Build.0 = Debug|Any CPU
		{4D0466D2-427C-4A33-9EF1-493C542465AB}.Debug|Any CPU.Deploy.0 = Debug|Any CPU
		{4D0466D2-427C-4A33-9EF1-493C542465AB}.Debug|iPhone.ActiveCfg = Debug|Any CPU
		{4D0466D2-427C-4A33-9EF1-493C542465AB}.Debug|iPhone.Build.0 = Debug|Any CPU
		{4D0466D2-427C-4A33-9EF1-493C542465AB}.Debug|iPhone.Deploy.0 = Debug|Any CPU
		{4D0466D2-427C-4A33-9EF1-493C542465AB}.Debug|iPhoneSimulator.ActiveCfg = Debug|Any CPU
		{4D0466D2-427C-4A33-9EF1-493C542465AB}.Debug|iPhoneSimulator.Build.0 = Debug|Any CPU
		{4D0466D2-427C-4A33-9EF1-493C542465AB}.Debug|iPhoneSimulator.Deploy.0 = Debug|Any CPU
		{4D0466D2-427C-4A33-9EF1-493C542465AB}.Release|Any CPU.ActiveCfg = Release|Any CPU
		{4D0466D2-427C-4A33-9EF1-493C542465AB}.Release|Any CPU.Build.0 = Release|Any CPU
		{4D0466D2-427C-4A33-9EF1-493C542465AB}.Release|Any CPU.Deploy.0 = Release|Any CPU
		{4D0466D2-427C-4A33-9EF1-493C542465AB}.Release|iPhone.ActiveCfg = Release|Any CPU
		{4D0466D2-427C-4A33-9EF1-493C542465AB}.Release|iPhone.Build.0 = Release|Any CPU
		{4D0466D2-427C-4A33-9EF1-493C542465AB}.Release|iPhone.Deploy.0 = Release|Any CPU
		{4D0466D2-427C-4A33-9EF1-493C542465AB}.Release|iPhoneSimulator.ActiveCfg = Release|Any CPU
		{4D0466D2-427C-4A33-9EF1-493C542465AB}.Release|iPhoneSimulator.Build.0 = Release|Any CPU
		{4D0466D2-427C-4A33-9EF1-493C542465AB}.Release|iPhoneSimulator.Deploy.0 = Release|Any CPU
		{6FA536E4-270A-4782-BEF8-BDBBFBACEC03}.Debug|Any CPU.ActiveCfg = Debug|iPhoneSimulator
		{6FA536E4-270A-4782-BEF8-BDBBFBACEC03}.Debug|Any CPU.Build.0 = Debug|iPhoneSimulator
		{6FA536E4-270A-4782-BEF8-BDBBFBACEC03}.Debug|Any CPU.Deploy.0 = Debug|iPhoneSimulator
		{6FA536E4-270A-4782-BEF8-BDBBFBACEC03}.Debug|iPhone.ActiveCfg = Debug|iPhone
		{6FA536E4-270A-4782-BEF8-BDBBFBACEC03}.Debug|iPhone.Build.0 = Debug|iPhone
		{6FA536E4-270A-4782-BEF8-BDBBFBACEC03}.Debug|iPhone.Deploy.0 = Debug|iPhone
		{6FA536E4-270A-4782-BEF8-BDBBFBACEC03}.Debug|iPhoneSimulator.ActiveCfg = Debug|iPhoneSimulator
		{6FA536E4-270A-4782-BEF8-BDBBFBACEC03}.Debug|iPhoneSimulator.Build.0 = Debug|iPhoneSimulator
		{6FA536E4-270A-4782-BEF8-BDBBFBACEC03}.Debug|iPhoneSimulator.Deploy.0 = Debug|iPhoneSimulator
		{6FA536E4-270A-4782-BEF8-BDBBFBACEC03}.Release|Any CPU.ActiveCfg = Release|iPhone
		{6FA536E4-270A-4782-BEF8-BDBBFBACEC03}.Release|Any CPU.Build.0 = Release|iPhone
		{6FA536E4-270A-4782-BEF8-BDBBFBACEC03}.Release|Any CPU.Deploy.0 = Release|iPhone
		{6FA536E4-270A-4782-BEF8-BDBBFBACEC03}.Release|iPhone.ActiveCfg = Release|iPhone
		{6FA536E4-270A-4782-BEF8-BDBBFBACEC03}.Release|iPhone.Build.0 = Release|iPhone
		{6FA536E4-270A-4782-BEF8-BDBBFBACEC03}.Release|iPhone.Deploy.0 = Release|iPhone
		{6FA536E4-270A-4782-BEF8-BDBBFBACEC03}.Release|iPhoneSimulator.ActiveCfg = Release|iPhoneSimulator
		{6FA536E4-270A-4782-BEF8-BDBBFBACEC03}.Release|iPhoneSimulator.Build.0 = Release|iPhoneSimulator
		{6FA536E4-270A-4782-BEF8-BDBBFBACEC03}.Release|iPhoneSimulator.Deploy.0 = Release|iPhoneSimulator
		{B9334B9B-6899-484B-8270-55D434589251}.Debug|Any CPU.ActiveCfg = Debug|Any CPU
		{B9334B9B-6899-484B-8270-55D434589251}.Debug|Any CPU.Build.0 = Debug|Any CPU
		{B9334B9B-6899-484B-8270-55D434589251}.Debug|Any CPU.Deploy.0 = Debug|Any CPU
		{B9334B9B-6899-484B-8270-55D434589251}.Debug|iPhone.ActiveCfg = Debug|Any CPU
		{B9334B9B-6899-484B-8270-55D434589251}.Debug|iPhone.Build.0 = Debug|Any CPU
		{B9334B9B-6899-484B-8270-55D434589251}.Debug|iPhone.Deploy.0 = Debug|Any CPU
		{B9334B9B-6899-484B-8270-55D434589251}.Debug|iPhoneSimulator.ActiveCfg = Debug|Any CPU
		{B9334B9B-6899-484B-8270-55D434589251}.Debug|iPhoneSimulator.Build.0 = Debug|Any CPU
		{B9334B9B-6899-484B-8270-55D434589251}.Debug|iPhoneSimulator.Deploy.0 = Debug|Any CPU
		{B9334B9B-6899-484B-8270-55D434589251}.Release|Any CPU.ActiveCfg = Release|Any CPU
		{B9334B9B-6899-484B-8270-55D434589251}.Release|Any CPU.Build.0 = Release|Any CPU
		{B9334B9B-6899-484B-8270-55D434589251}.Release|Any CPU.Deploy.0 = Release|Any CPU
		{B9334B9B-6899-484B-8270-55D434589251}.Release|iPhone.ActiveCfg = Release|Any CPU
		{B9334B9B-6899-484B-8270-55D434589251}.Release|iPhone.Build.0 = Release|Any CPU
		{B9334B9B-6899-484B-8270-55D434589251}.Release|iPhone.Deploy.0 = Release|Any CPU
		{B9334B9B-6899-484B-8270-55D434589251}.Release|iPhoneSimulator.ActiveCfg = Release|Any CPU
		{B9334B9B-6899-484B-8270-55D434589251}.Release|iPhoneSimulator.Build.0 = Release|Any CPU
		{B9334B9B-6899-484B-8270-55D434589251}.Release|iPhoneSimulator.Deploy.0 = Release|Any CPU
	EndGlobalSection
	GlobalSection(SolutionProperties) = preSolution
		HideSolutionNode = FALSE
	EndGlobalSection
	GlobalSection(ExtensibilityGlobals) = postSolution
		SolutionGuid = {D4BFFEE7-B1F6-485E-8007-AD3E03C6EDD6}
	EndGlobalSection
EndGlobal
